
Microsoft Visual Studio Solution File, Format Version 12.00
# Visual Studio Version 16
VisualStudioVersion = 16.0.30717.126
MinimumVisualStudioVersion = 10.0.40219.1
Project("{F184B08F-C81C-45F6-A57F-5ABD9991F28F}") = "Project 5", "Project 5.vbproj", "{C55A5C56-F7AC-4674-B01D-4C431901A603}"
EndProject
Global
	GlobalSection(SolutionConfigurationPlatforms) = preSolution
		Debug|Any CPU = Debug|Any CPU
		Release|Any CPU = Release|Any CPU
	EndGlobalSection
	GlobalSection(ProjectConfigurationPlatforms) = postSolution
		{C55A5C56-F7AC-4674-B01D-4C431901A603}.Debug|Any CPU.ActiveCfg = Debug|Any CPU
		{C55A5C56-F7AC-4674-B01D-4C431901A603}.Debug|Any CPU.Build.0 = Debug|Any CPU
		{C55A5C56-F7AC-4674-B01D-4C431901A603}.Release|Any CPU.ActiveCfg = Release|Any CPU
		{C55A5C56-F7AC-4674-B01D-4C431901A603}.Release|Any CPU.Build.0 = Release|Any CPU
	EndGlobalSection
	GlobalSection(SolutionProperties) = preSolution
		HideSolutionNode = FALSE
	EndGlobalSection
	GlobalSection(ExtensibilityGlobals) = postSolution
		SolutionGuid = {156F2395-6EEC-41AB-9AD5-DC6D75EF0BA8}
	EndGlobalSection
EndGlobal
